// !$*UTF8*$!
{
	archiveVersion = 1;
	classes = {
	};
	objectVersion = 56;
	objects = {

/* Begin PBXBuildFile section */
		6083D3B72A224E06005FEC6E /* RemoteWeatherLoaderUseCaseTests.swift in Sources */ = {isa = PBXBuildFile; fileRef = 6083D3B62A224E06005FEC6E /* RemoteWeatherLoaderUseCaseTests.swift */; };
		60E7EBF92A1FA79300C8F53C /* AppDelegate.swift in Sources */ = {isa = PBXBuildFile; fileRef = 60E7EBF82A1FA79300C8F53C /* AppDelegate.swift */; };
		60E7EBFB2A1FA79300C8F53C /* SceneDelegate.swift in Sources */ = {isa = PBXBuildFile; fileRef = 60E7EBFA2A1FA79300C8F53C /* SceneDelegate.swift */; };
		60E7EBFD2A1FA79300C8F53C /* ViewController.swift in Sources */ = {isa = PBXBuildFile; fileRef = 60E7EBFC2A1FA79300C8F53C /* ViewController.swift */; };
		60E7EC032A1FA79300C8F53C /* CDWeatherModel.xcdatamodeld in Sources */ = {isa = PBXBuildFile; fileRef = 60E7EC012A1FA79300C8F53C /* CDWeatherModel.xcdatamodeld */; };
		60E7EC052A1FA79500C8F53C /* Assets.xcassets in Resources */ = {isa = PBXBuildFile; fileRef = 60E7EC042A1FA79500C8F53C /* Assets.xcassets */; };
		60E7EC082A1FA79500C8F53C /* LaunchScreen.storyboard in Resources */ = {isa = PBXBuildFile; fileRef = 60E7EC062A1FA79500C8F53C /* LaunchScreen.storyboard */; };
		60E7EC1D2A1FA79600C8F53C /* WeatherAppUITests.swift in Sources */ = {isa = PBXBuildFile; fileRef = 60E7EC1C2A1FA79600C8F53C /* WeatherAppUITests.swift */; };
		60E7EC1F2A1FA79600C8F53C /* WeatherAppUITestsLaunchTests.swift in Sources */ = {isa = PBXBuildFile; fileRef = 60E7EC1E2A1FA79600C8F53C /* WeatherAppUITestsLaunchTests.swift */; };
		60E7EC2E2A1FB41C00C8F53C /* URLSessionHTTPClient.swift in Sources */ = {isa = PBXBuildFile; fileRef = 60E7EC2D2A1FB41C00C8F53C /* URLSessionHTTPClient.swift */; };
		60E7EC322A1FCBCF00C8F53C /* HTTPClient.swift in Sources */ = {isa = PBXBuildFile; fileRef = 60E7EC312A1FCBCF00C8F53C /* HTTPClient.swift */; };
		60E7EC362A1FCD5000C8F53C /* RemoteItemMapper.swift in Sources */ = {isa = PBXBuildFile; fileRef = 60E7EC352A1FCD5000C8F53C /* RemoteItemMapper.swift */; };
		60E7EC382A1FD13000C8F53C /* RemoteWeatherLoader.swift in Sources */ = {isa = PBXBuildFile; fileRef = 60E7EC372A1FD13000C8F53C /* RemoteWeatherLoader.swift */; };
		60E7EC3A2A1FD16F00C8F53C /* WeatherLoader.swift in Sources */ = {isa = PBXBuildFile; fileRef = 60E7EC392A1FD16F00C8F53C /* WeatherLoader.swift */; };
		60E7EC3C2A1FD1C700C8F53C /* WeatherItem.swift in Sources */ = {isa = PBXBuildFile; fileRef = 60E7EC3B2A1FD1C700C8F53C /* WeatherItem.swift */; };
/* End PBXBuildFile section */

/* Begin PBXContainerItemProxy section */
		60E7EC0F2A1FA79600C8F53C /* PBXContainerItemProxy */ = {
			isa = PBXContainerItemProxy;
			containerPortal = 60E7EBED2A1FA79300C8F53C /* Project object */;
			proxyType = 1;
			remoteGlobalIDString = 60E7EBF42A1FA79300C8F53C;
			remoteInfo = WeatherApp;
		};
		60E7EC192A1FA79600C8F53C /* PBXContainerItemProxy */ = {
			isa = PBXContainerItemProxy;
			containerPortal = 60E7EBED2A1FA79300C8F53C /* Project object */;
			proxyType = 1;
			remoteGlobalIDString = 60E7EBF42A1FA79300C8F53C;
			remoteInfo = WeatherApp;
		};
/* End PBXContainerItemProxy section */

/* Begin PBXFileReference section */
		6083D3B62A224E06005FEC6E /* RemoteWeatherLoaderUseCaseTests.swift */ = {isa = PBXFileReference; lastKnownFileType = sourcecode.swift; path = RemoteWeatherLoaderUseCaseTests.swift; sourceTree = "<group>"; };
		60E7EBF52A1FA79300C8F53C /* WeatherApp.app */ = {isa = PBXFileReference; explicitFileType = wrapper.application; includeInIndex = 0; path = WeatherApp.app; sourceTree = BUILT_PRODUCTS_DIR; };
		60E7EBF82A1FA79300C8F53C /* AppDelegate.swift */ = {isa = PBXFileReference; lastKnownFileType = sourcecode.swift; path = AppDelegate.swift; sourceTree = "<group>"; };
		60E7EBFA2A1FA79300C8F53C /* SceneDelegate.swift */ = {isa = PBXFileReference; lastKnownFileType = sourcecode.swift; path = SceneDelegate.swift; sourceTree = "<group>"; };
		60E7EBFC2A1FA79300C8F53C /* ViewController.swift */ = {isa = PBXFileReference; lastKnownFileType = sourcecode.swift; path = ViewController.swift; sourceTree = "<group>"; };
		60E7EC022A1FA79300C8F53C /* WeatherApp.xcdatamodel */ = {isa = PBXFileReference; lastKnownFileType = wrapper.xcdatamodel; path = WeatherApp.xcdatamodel; sourceTree = "<group>"; };
		60E7EC042A1FA79500C8F53C /* Assets.xcassets */ = {isa = PBXFileReference; lastKnownFileType = folder.assetcatalog; path = Assets.xcassets; sourceTree = "<group>"; };
		60E7EC072A1FA79500C8F53C /* Base */ = {isa = PBXFileReference; lastKnownFileType = file.storyboard; name = Base; path = Base.lproj/LaunchScreen.storyboard; sourceTree = "<group>"; };
		60E7EC092A1FA79500C8F53C /* Info.plist */ = {isa = PBXFileReference; lastKnownFileType = text.plist.xml; path = Info.plist; sourceTree = "<group>"; };
		60E7EC0E2A1FA79600C8F53C /* WeatherAppTests.xctest */ = {isa = PBXFileReference; explicitFileType = wrapper.cfbundle; includeInIndex = 0; path = WeatherAppTests.xctest; sourceTree = BUILT_PRODUCTS_DIR; };
		60E7EC182A1FA79600C8F53C /* WeatherAppUITests.xctest */ = {isa = PBXFileReference; explicitFileType = wrapper.cfbundle; includeInIndex = 0; path = WeatherAppUITests.xctest; sourceTree = BUILT_PRODUCTS_DIR; };
		60E7EC1C2A1FA79600C8F53C /* WeatherAppUITests.swift */ = {isa = PBXFileReference; lastKnownFileType = sourcecode.swift; path = WeatherAppUITests.swift; sourceTree = "<group>"; };
		60E7EC1E2A1FA79600C8F53C /* WeatherAppUITestsLaunchTests.swift */ = {isa = PBXFileReference; lastKnownFileType = sourcecode.swift; path = WeatherAppUITestsLaunchTests.swift; sourceTree = "<group>"; };
		60E7EC2D2A1FB41C00C8F53C /* URLSessionHTTPClient.swift */ = {isa = PBXFileReference; lastKnownFileType = sourcecode.swift; path = URLSessionHTTPClient.swift; sourceTree = "<group>"; };
		60E7EC312A1FCBCF00C8F53C /* HTTPClient.swift */ = {isa = PBXFileReference; lastKnownFileType = sourcecode.swift; path = HTTPClient.swift; sourceTree = "<group>"; };
		60E7EC352A1FCD5000C8F53C /* RemoteItemMapper.swift */ = {isa = PBXFileReference; lastKnownFileType = sourcecode.swift; path = RemoteItemMapper.swift; sourceTree = "<group>"; };
		60E7EC372A1FD13000C8F53C /* RemoteWeatherLoader.swift */ = {isa = PBXFileReference; lastKnownFileType = sourcecode.swift; path = RemoteWeatherLoader.swift; sourceTree = "<group>"; };
		60E7EC392A1FD16F00C8F53C /* WeatherLoader.swift */ = {isa = PBXFileReference; lastKnownFileType = sourcecode.swift; path = WeatherLoader.swift; sourceTree = "<group>"; };
		60E7EC3B2A1FD1C700C8F53C /* WeatherItem.swift */ = {isa = PBXFileReference; lastKnownFileType = sourcecode.swift; path = WeatherItem.swift; sourceTree = "<group>"; };
/* End PBXFileReference section */

/* Begin PBXFrameworksBuildPhase section */
		60E7EBF22A1FA79300C8F53C /* Frameworks */ = {
			isa = PBXFrameworksBuildPhase;
			buildActionMask = 2147483647;
			files = (
			);
			runOnlyForDeploymentPostprocessing = 0;
		};
		60E7EC0B2A1FA79600C8F53C /* Frameworks */ = {
			isa = PBXFrameworksBuildPhase;
			buildActionMask = 2147483647;
			files = (
			);
			runOnlyForDeploymentPostprocessing = 0;
		};
		60E7EC152A1FA79600C8F53C /* Frameworks */ = {
			isa = PBXFrameworksBuildPhase;
			buildActionMask = 2147483647;
			files = (
			);
			runOnlyForDeploymentPostprocessing = 0;
		};
/* End PBXFrameworksBuildPhase section */

/* Begin PBXGroup section */
		60E7EBEC2A1FA79300C8F53C = {
			isa = PBXGroup;
			children = (
				60E7EBF72A1FA79300C8F53C /* WeatherApp */,
				60E7EC112A1FA79600C8F53C /* WeatherAPITests */,
				60E7EC1B2A1FA79600C8F53C /* WeatherAppUITests */,
				60E7EBF62A1FA79300C8F53C /* Products */,
			);
			sourceTree = "<group>";
		};
		60E7EBF62A1FA79300C8F53C /* Products */ = {
			isa = PBXGroup;
			children = (
				60E7EBF52A1FA79300C8F53C /* WeatherApp.app */,
				60E7EC0E2A1FA79600C8F53C /* WeatherAppTests.xctest */,
				60E7EC182A1FA79600C8F53C /* WeatherAppUITests.xctest */,
			);
			name = Products;
			sourceTree = "<group>";
		};
		60E7EBF72A1FA79300C8F53C /* WeatherApp */ = {
			isa = PBXGroup;
			children = (
				60E7EBF82A1FA79300C8F53C /* AppDelegate.swift */,
				60E7EBFA2A1FA79300C8F53C /* SceneDelegate.swift */,
				60E7EBFC2A1FA79300C8F53C /* ViewController.swift */,
				60E7EC392A1FD16F00C8F53C /* WeatherLoader.swift */,
				60E7EC3B2A1FD1C700C8F53C /* WeatherItem.swift */,
				60E7EC2C2A1FB33600C8F53C /* WeatherAPI */,
				60E7EC2B2A1FAB5600C8F53C /* SupportFiles */,
			);
			path = WeatherApp;
			sourceTree = "<group>";
		};
		60E7EC112A1FA79600C8F53C /* WeatherAPITests */ = {
			isa = PBXGroup;
			children = (
				6083D3B62A224E06005FEC6E /* RemoteWeatherLoaderUseCaseTests.swift */,
			);
			path = WeatherAPITests;
			sourceTree = "<group>";
		};
		60E7EC1B2A1FA79600C8F53C /* WeatherAppUITests */ = {
			isa = PBXGroup;
			children = (
				60E7EC1C2A1FA79600C8F53C /* WeatherAppUITests.swift */,
				60E7EC1E2A1FA79600C8F53C /* WeatherAppUITestsLaunchTests.swift */,
			);
			path = WeatherAppUITests;
			sourceTree = "<group>";
		};
		60E7EC2B2A1FAB5600C8F53C /* SupportFiles */ = {
			isa = PBXGroup;
			children = (
				60E7EC042A1FA79500C8F53C /* Assets.xcassets */,
				60E7EC062A1FA79500C8F53C /* LaunchScreen.storyboard */,
				60E7EC012A1FA79300C8F53C /* CDWeatherModel.xcdatamodeld */,
				60E7EC092A1FA79500C8F53C /* Info.plist */,
			);
			path = SupportFiles;
			sourceTree = "<group>";
		};
		60E7EC2C2A1FB33600C8F53C /* WeatherAPI */ = {
			isa = PBXGroup;
			children = (
				60E7EC372A1FD13000C8F53C /* RemoteWeatherLoader.swift */,
				60E7EC2D2A1FB41C00C8F53C /* URLSessionHTTPClient.swift */,
				60E7EC312A1FCBCF00C8F53C /* HTTPClient.swift */,
				60E7EC352A1FCD5000C8F53C /* RemoteItemMapper.swift */,
			);
			path = WeatherAPI;
			sourceTree = "<group>";
		};
/* End PBXGroup section */

/* Begin PBXNativeTarget section */
		60E7EBF42A1FA79300C8F53C /* WeatherApp */ = {
			isa = PBXNativeTarget;
			buildConfigurationList = 60E7EC222A1FA79600C8F53C /* Build configuration list for PBXNativeTarget "WeatherApp" */;
			buildPhases = (
				60E7EBF12A1FA79300C8F53C /* Sources */,
				60E7EBF22A1FA79300C8F53C /* Frameworks */,
				60E7EBF32A1FA79300C8F53C /* Resources */,
			);
			buildRules = (
			);
			dependencies = (
			);
			name = WeatherApp;
			productName = WeatherApp;
			productReference = 60E7EBF52A1FA79300C8F53C /* WeatherApp.app */;
			productType = "com.apple.product-type.application";
		};
		60E7EC0D2A1FA79600C8F53C /* WeatherAppTests */ = {
			isa = PBXNativeTarget;
			buildConfigurationList = 60E7EC252A1FA79600C8F53C /* Build configuration list for PBXNativeTarget "WeatherAppTests" */;
			buildPhases = (
				60E7EC0A2A1FA79600C8F53C /* Sources */,
				60E7EC0B2A1FA79600C8F53C /* Frameworks */,
				60E7EC0C2A1FA79600C8F53C /* Resources */,
			);
			buildRules = (
			);
			dependencies = (
				60E7EC102A1FA79600C8F53C /* PBXTargetDependency */,
			);
			name = WeatherAppTests;
			productName = WeatherAppTests;
			productReference = 60E7EC0E2A1FA79600C8F53C /* WeatherAppTests.xctest */;
			productType = "com.apple.product-type.bundle.unit-test";
		};
		60E7EC172A1FA79600C8F53C /* WeatherAppUITests */ = {
			isa = PBXNativeTarget;
			buildConfigurationList = 60E7EC282A1FA79600C8F53C /* Build configuration list for PBXNativeTarget "WeatherAppUITests" */;
			buildPhases = (
				60E7EC142A1FA79600C8F53C /* Sources */,
				60E7EC152A1FA79600C8F53C /* Frameworks */,
				60E7EC162A1FA79600C8F53C /* Resources */,
			);
			buildRules = (
			);
			dependencies = (
				60E7EC1A2A1FA79600C8F53C /* PBXTargetDependency */,
			);
			name = WeatherAppUITests;
			productName = WeatherAppUITests;
			productReference = 60E7EC182A1FA79600C8F53C /* WeatherAppUITests.xctest */;
			productType = "com.apple.product-type.bundle.ui-testing";
		};
/* End PBXNativeTarget section */

/* Begin PBXProject section */
		60E7EBED2A1FA79300C8F53C /* Project object */ = {
			isa = PBXProject;
			attributes = {
				BuildIndependentTargetsInParallel = 1;
				LastSwiftUpdateCheck = 1420;
				LastUpgradeCheck = 1420;
				TargetAttributes = {
					60E7EBF42A1FA79300C8F53C = {
						CreatedOnToolsVersion = 14.2;
					};
					60E7EC0D2A1FA79600C8F53C = {
						CreatedOnToolsVersion = 14.2;
						TestTargetID = 60E7EBF42A1FA79300C8F53C;
					};
					60E7EC172A1FA79600C8F53C = {
						CreatedOnToolsVersion = 14.2;
						TestTargetID = 60E7EBF42A1FA79300C8F53C;
					};
				};
			};
			buildConfigurationList = 60E7EBF02A1FA79300C8F53C /* Build configuration list for PBXProject "WeatherApp" */;
			compatibilityVersion = "Xcode 14.0";
			developmentRegion = en;
			hasScannedForEncodings = 0;
			knownRegions = (
				en,
				Base,
			);
			mainGroup = 60E7EBEC2A1FA79300C8F53C;
			productRefGroup = 60E7EBF62A1FA79300C8F53C /* Products */;
			projectDirPath = "";
			projectRoot = "";
			targets = (
				60E7EBF42A1FA79300C8F53C /* WeatherApp */,
				60E7EC0D2A1FA79600C8F53C /* WeatherAppTests */,
				60E7EC172A1FA79600C8F53C /* WeatherAppUITests */,
			);
		};
/* End PBXProject section */

/* Begin PBXResourcesBuildPhase section */
		60E7EBF32A1FA79300C8F53C /* Resources */ = {
			isa = PBXResourcesBuildPhase;
			buildActionMask = 2147483647;
			files = (
				60E7EC082A1FA79500C8F53C /* LaunchScreen.storyboard in Resources */,
				60E7EC052A1FA79500C8F53C /* Assets.xcassets in Resources */,
			);
			runOnlyForDeploymentPostprocessing = 0;
		};
		60E7EC0C2A1FA79600C8F53C /* Resources */ = {
			isa = PBXResourcesBuildPhase;
			buildActionMask = 2147483647;
			files = (
			);
			runOnlyForDeploymentPostprocessing = 0;
		};
		60E7EC162A1FA79600C8F53C /* Resources */ = {
			isa = PBXResourcesBuildPhase;
			buildActionMask = 2147483647;
			files = (
			);
			runOnlyForDeploymentPostprocessing = 0;
		};
/* End PBXResourcesBuildPhase section */

/* Begin PBXSourcesBuildPhase section */
		60E7EBF12A1FA79300C8F53C /* Sources */ = {
			isa = PBXSourcesBuildPhase;
			buildActionMask = 2147483647;
			files = (
				60E7EC2E2A1FB41C00C8F53C /* URLSessionHTTPClient.swift in Sources */,
				60E7EC032A1FA79300C8F53C /* CDWeatherModel.xcdatamodeld in Sources */,
				60E7EC322A1FCBCF00C8F53C /* HTTPClient.swift in Sources */,
				60E7EBFD2A1FA79300C8F53C /* ViewController.swift in Sources */,
				60E7EBF92A1FA79300C8F53C /* AppDelegate.swift in Sources */,
				60E7EC362A1FCD5000C8F53C /* RemoteItemMapper.swift in Sources */,
				60E7EBFB2A1FA79300C8F53C /* SceneDelegate.swift in Sources */,
				60E7EC3C2A1FD1C700C8F53C /* WeatherItem.swift in Sources */,
				60E7EC3A2A1FD16F00C8F53C /* WeatherLoader.swift in Sources */,
				60E7EC382A1FD13000C8F53C /* RemoteWeatherLoader.swift in Sources */,
			);
			runOnlyForDeploymentPostprocessing = 0;
		};
		60E7EC0A2A1FA79600C8F53C /* Sources */ = {
			isa = PBXSourcesBuildPhase;
			buildActionMask = 2147483647;
			files = (
				6083D3B72A224E06005FEC6E /* RemoteWeatherLoaderUseCaseTests.swift in Sources */,
			);
			runOnlyForDeploymentPostprocessing = 0;
		};
		60E7EC142A1FA79600C8F53C /* Sources */ = {
			isa = PBXSourcesBuildPhase;
			buildActionMask = 2147483647;
			files = (
				60E7EC1D2A1FA79600C8F53C /* WeatherAppUITests.swift in Sources */,
				60E7EC1F2A1FA79600C8F53C /* WeatherAppUITestsLaunchTests.swift in Sources */,
			);
			runOnlyForDeploymentPostprocessing = 0;
		};
/* End PBXSourcesBuildPhase section */

/* Begin PBXTargetDependency section */
		60E7EC102A1FA79600C8F53C /* PBXTargetDependency */ = {
			isa = PBXTargetDependency;
			target = 60E7EBF42A1FA79300C8F53C /* WeatherApp */;
			targetProxy = 60E7EC0F2A1FA79600C8F53C /* PBXContainerItemProxy */;
		};
		60E7EC1A2A1FA79600C8F53C /* PBXTargetDependency */ = {
			isa = PBXTargetDependency;
			target = 60E7EBF42A1FA79300C8F53C /* WeatherApp */;
			targetProxy = 60E7EC192A1FA79600C8F53C /* PBXContainerItemProxy */;
		};
/* End PBXTargetDependency section */

/* Begin PBXVariantGroup section */
		60E7EC062A1FA79500C8F53C /* LaunchScreen.storyboard */ = {
			isa = PBXVariantGroup;
			children = (
				60E7EC072A1FA79500C8F53C /* Base */,
			);
			name = LaunchScreen.storyboard;
			sourceTree = "<group>";
		};
/* End PBXVariantGroup section */

/* Begin XCBuildConfiguration section */
		60E7EC202A1FA79600C8F53C /* Debug */ = {
			isa = XCBuildConfiguration;
			buildSettings = {
				ALWAYS_SEARCH_USER_PATHS = NO;
				CLANG_ANALYZER_NONNULL = YES;
				CLANG_ANALYZER_NUMBER_OBJECT_CONVERSION = YES_AGGRESSIVE;
				CLANG_CXX_LANGUAGE_STANDARD = "gnu++20";
				CLANG_ENABLE_MODULES = YES;
				CLANG_ENABLE_OBJC_ARC = YES;
				CLANG_ENABLE_OBJC_WEAK = YES;
				CLANG_WARN_BLOCK_CAPTURE_AUTORELEASING = YES;
				CLANG_WARN_BOOL_CONVERSION = YES;
				CLANG_WARN_COMMA = YES;
				CLANG_WARN_CONSTANT_CONVERSION = YES;
				CLANG_WARN_DEPRECATED_OBJC_IMPLEMENTATIONS = YES;
				CLANG_WARN_DIRECT_OBJC_ISA_USAGE = YES_ERROR;
				CLANG_WARN_DOCUMENTATION_COMMENTS = YES;
				CLANG_WARN_EMPTY_BODY = YES;
				CLANG_WARN_ENUM_CONVERSION = YES;
				CLANG_WARN_INFINITE_RECURSION = YES;
				CLANG_WARN_INT_CONVERSION = YES;
				CLANG_WARN_NON_LITERAL_NULL_CONVERSION = YES;
				CLANG_WARN_OBJC_IMPLICIT_RETAIN_SELF = YES;
				CLANG_WARN_OBJC_LITERAL_CONVERSION = YES;
				CLANG_WARN_OBJC_ROOT_CLASS = YES_ERROR;
				CLANG_WARN_QUOTED_INCLUDE_IN_FRAMEWORK_HEADER = YES;
				CLANG_WARN_RANGE_LOOP_ANALYSIS = YES;
				CLANG_WARN_STRICT_PROTOTYPES = YES;
				CLANG_WARN_SUSPICIOUS_MOVE = YES;
				CLANG_WARN_UNGUARDED_AVAILABILITY = YES_AGGRESSIVE;
				CLANG_WARN_UNREACHABLE_CODE = YES;
				CLANG_WARN__DUPLICATE_METHOD_MATCH = YES;
				COPY_PHASE_STRIP = NO;
				DEBUG_INFORMATION_FORMAT = dwarf;
				ENABLE_STRICT_OBJC_MSGSEND = YES;
				ENABLE_TESTABILITY = YES;
				GCC_C_LANGUAGE_STANDARD = gnu11;
				GCC_DYNAMIC_NO_PIC = NO;
				GCC_NO_COMMON_BLOCKS = YES;
				GCC_OPTIMIZATION_LEVEL = 0;
				GCC_PREPROCESSOR_DEFINITIONS = (
					"DEBUG=1",
					"$(inherited)",
				);
				GCC_WARN_64_TO_32_BIT_CONVERSION = YES;
				GCC_WARN_ABOUT_RETURN_TYPE = YES_ERROR;
				GCC_WARN_UNDECLARED_SELECTOR = YES;
				GCC_WARN_UNINITIALIZED_AUTOS = YES_AGGRESSIVE;
				GCC_WARN_UNUSED_FUNCTION = YES;
				GCC_WARN_UNUSED_VARIABLE = YES;
				IPHONEOS_DEPLOYMENT_TARGET = 16.2;
				MTL_ENABLE_DEBUG_INFO = INCLUDE_SOURCE;
				MTL_FAST_MATH = YES;
				ONLY_ACTIVE_ARCH = YES;
				SDKROOT = iphoneos;
				SWIFT_ACTIVE_COMPILATION_CONDITIONS = DEBUG;
				SWIFT_OPTIMIZATION_LEVEL = "-Onone";
			};
			name = Debug;
		};
		60E7EC212A1FA79600C8F53C /* Release */ = {
			isa = XCBuildConfiguration;
			buildSettings = {
				ALWAYS_SEARCH_USER_PATHS = NO;
				CLANG_ANALYZER_NONNULL = YES;
				CLANG_ANALYZER_NUMBER_OBJECT_CONVERSION = YES_AGGRESSIVE;
				CLANG_CXX_LANGUAGE_STANDARD = "gnu++20";
				CLANG_ENABLE_MODULES = YES;
				CLANG_ENABLE_OBJC_ARC = YES;
				CLANG_ENABLE_OBJC_WEAK = YES;
				CLANG_WARN_BLOCK_CAPTURE_AUTORELEASING = YES;
				CLANG_WARN_BOOL_CONVERSION = YES;
				CLANG_WARN_COMMA = YES;
				CLANG_WARN_CONSTANT_CONVERSION = YES;
				CLANG_WARN_DEPRECATED_OBJC_IMPLEMENTATIONS = YES;
				CLANG_WARN_DIRECT_OBJC_ISA_USAGE = YES_ERROR;
				CLANG_WARN_DOCUMENTATION_COMMENTS = YES;
				CLANG_WARN_EMPTY_BODY = YES;
				CLANG_WARN_ENUM_CONVERSION = YES;
				CLANG_WARN_INFINITE_RECURSION = YES;
				CLANG_WARN_INT_CONVERSION = YES;
				CLANG_WARN_NON_LITERAL_NULL_CONVERSION = YES;
				CLANG_WARN_OBJC_IMPLICIT_RETAIN_SELF = YES;
				CLANG_WARN_OBJC_LITERAL_CONVERSION = YES;
				CLANG_WARN_OBJC_ROOT_CLASS = YES_ERROR;
				CLANG_WARN_QUOTED_INCLUDE_IN_FRAMEWORK_HEADER = YES;
				CLANG_WARN_RANGE_LOOP_ANALYSIS = YES;
				CLANG_WARN_STRICT_PROTOTYPES = YES;
				CLANG_WARN_SUSPICIOUS_MOVE = YES;
				CLANG_WARN_UNGUARDED_AVAILABILITY = YES_AGGRESSIVE;
				CLANG_WARN_UNREACHABLE_CODE = YES;
				CLANG_WARN__DUPLICATE_METHOD_MATCH = YES;
				COPY_PHASE_STRIP = NO;
				DEBUG_INFORMATION_FORMAT = "dwarf-with-dsym";
				ENABLE_NS_ASSERTIONS = NO;
				ENABLE_STRICT_OBJC_MSGSEND = YES;
				GCC_C_LANGUAGE_STANDARD = gnu11;
				GCC_NO_COMMON_BLOCKS = YES;
				GCC_WARN_64_TO_32_BIT_CONVERSION = YES;
				GCC_WARN_ABOUT_RETURN_TYPE = YES_ERROR;
				GCC_WARN_UNDECLARED_SELECTOR = YES;
				GCC_WARN_UNINITIALIZED_AUTOS = YES_AGGRESSIVE;
				GCC_WARN_UNUSED_FUNCTION = YES;
				GCC_WARN_UNUSED_VARIABLE = YES;
				IPHONEOS_DEPLOYMENT_TARGET = 16.2;
				MTL_ENABLE_DEBUG_INFO = NO;
				MTL_FAST_MATH = YES;
				SDKROOT = iphoneos;
				SWIFT_COMPILATION_MODE = wholemodule;
				SWIFT_OPTIMIZATION_LEVEL = "-O";
				VALIDATE_PRODUCT = YES;
			};
			name = Release;
		};
		60E7EC232A1FA79600C8F53C /* Debug */ = {
			isa = XCBuildConfiguration;
			buildSettings = {
				ASSETCATALOG_COMPILER_APPICON_NAME = AppIcon;
				ASSETCATALOG_COMPILER_GLOBAL_ACCENT_COLOR_NAME = AccentColor;
				CODE_SIGN_STYLE = Automatic;
				CURRENT_PROJECT_VERSION = 1;
				DEVELOPMENT_TEAM = 49FA36GGM4;
				GENERATE_INFOPLIST_FILE = YES;
				INFOPLIST_FILE = WeatherApp/SupportFiles/Info.plist;
				INFOPLIST_KEY_UIApplicationSupportsIndirectInputEvents = YES;
				INFOPLIST_KEY_UILaunchStoryboardName = LaunchScreen;
				INFOPLIST_KEY_UIStatusBarStyle = "";
				INFOPLIST_KEY_UISupportedInterfaceOrientations = UIInterfaceOrientationPortrait;
				INFOPLIST_KEY_UISupportedInterfaceOrientations_iPad = "UIInterfaceOrientationLandscapeLeft UIInterfaceOrientationLandscapeRight UIInterfaceOrientationPortrait UIInterfaceOrientationPortraitUpsideDown";
				LD_RUNPATH_SEARCH_PATHS = (
					"$(inherited)",
					"@executable_path/Frameworks",
				);
				MARKETING_VERSION = 1.0;
				PRODUCT_BUNDLE_IDENTIFIER = com.evgeniiR.WeatherApp;
				PRODUCT_NAME = "$(TARGET_NAME)";
				SUPPORTED_PLATFORMS = "iphoneos iphonesimulator";
				SUPPORTS_MACCATALYST = NO;
				SUPPORTS_MAC_DESIGNED_FOR_IPHONE_IPAD = NO;
				SWIFT_EMIT_LOC_STRINGS = YES;
				SWIFT_VERSION = 5.0;
				TARGETED_DEVICE_FAMILY = 1;
			};
			name = Debug;
		};
		60E7EC242A1FA79600C8F53C /* Release */ = {
			isa = XCBuildConfiguration;
			buildSettings = {
				ASSETCATALOG_COMPILER_APPICON_NAME = AppIcon;
				ASSETCATALOG_COMPILER_GLOBAL_ACCENT_COLOR_NAME = AccentColor;
				CODE_SIGN_STYLE = Automatic;
				CURRENT_PROJECT_VERSION = 1;
				DEVELOPMENT_TEAM = 49FA36GGM4;
				GENERATE_INFOPLIST_FILE = YES;
				INFOPLIST_FILE = WeatherApp/SupportFiles/Info.plist;
				INFOPLIST_KEY_UIApplicationSupportsIndirectInputEvents = YES;
				INFOPLIST_KEY_UILaunchStoryboardName = LaunchScreen;
				INFOPLIST_KEY_UIStatusBarStyle = "";
				INFOPLIST_KEY_UISupportedInterfaceOrientations = UIInterfaceOrientationPortrait;
				INFOPLIST_KEY_UISupportedInterfaceOrientations_iPad = "UIInterfaceOrientationLandscapeLeft UIInterfaceOrientationLandscapeRight UIInterfaceOrientationPortrait UIInterfaceOrientationPortraitUpsideDown";
				LD_RUNPATH_SEARCH_PATHS = (
					"$(inherited)",
					"@executable_path/Frameworks",
				);
				MARKETING_VERSION = 1.0;
				PRODUCT_BUNDLE_IDENTIFIER = com.evgeniiR.WeatherApp;
				PRODUCT_NAME = "$(TARGET_NAME)";
				SUPPORTED_PLATFORMS = "iphoneos iphonesimulator";
				SUPPORTS_MACCATALYST = NO;
				SUPPORTS_MAC_DESIGNED_FOR_IPHONE_IPAD = NO;
				SWIFT_EMIT_LOC_STRINGS = YES;
				SWIFT_VERSION = 5.0;
				TARGETED_DEVICE_FAMILY = 1;
			};
			name = Release;
		};
		60E7EC262A1FA79600C8F53C /* Debug */ = {
			isa = XCBuildConfiguration;
			buildSettings = {
				ALWAYS_EMBED_SWIFT_STANDARD_LIBRARIES = YES;
				BUNDLE_LOADER = "$(TEST_HOST)";
				CODE_SIGN_STYLE = Automatic;
				CURRENT_PROJECT_VERSION = 1;
				DEVELOPMENT_TEAM = 49FA36GGM4;
				GENERATE_INFOPLIST_FILE = YES;
				IPHONEOS_DEPLOYMENT_TARGET = 16.2;
				MARKETING_VERSION = 1.0;
				PRODUCT_BUNDLE_IDENTIFIER = com.evgeniiR.WeatherAppTests;
				PRODUCT_NAME = "$(TARGET_NAME)";
				SWIFT_EMIT_LOC_STRINGS = NO;
				SWIFT_VERSION = 5.0;
				TARGETED_DEVICE_FAMILY = "1,2";
				TEST_HOST = "$(BUILT_PRODUCTS_DIR)/WeatherApp.app/$(BUNDLE_EXECUTABLE_FOLDER_PATH)/WeatherApp";
			};
			name = Debug;
		};
		60E7EC272A1FA79600C8F53C /* Release */ = {
			isa = XCBuildConfiguration;
			buildSettings = {
				ALWAYS_EMBED_SWIFT_STANDARD_LIBRARIES = YES;
				BUNDLE_LOADER = "$(TEST_HOST)";
				CODE_SIGN_STYLE = Automatic;
				CURRENT_PROJECT_VERSION = 1;
				DEVELOPMENT_TEAM = 49FA36GGM4;
				GENERATE_INFOPLIST_FILE = YES;
				IPHONEOS_DEPLOYMENT_TARGET = 16.2;
				MARKETING_VERSION = 1.0;
				PRODUCT_BUNDLE_IDENTIFIER = com.evgeniiR.WeatherAppTests;
				PRODUCT_NAME = "$(TARGET_NAME)";
				SWIFT_EMIT_LOC_STRINGS = NO;
				SWIFT_VERSION = 5.0;
				TARGETED_DEVICE_FAMILY = "1,2";
				TEST_HOST = "$(BUILT_PRODUCTS_DIR)/WeatherApp.app/$(BUNDLE_EXECUTABLE_FOLDER_PATH)/WeatherApp";
			};
			name = Release;
		};
		60E7EC292A1FA79600C8F53C /* Debug */ = {
			isa = XCBuildConfiguration;
			buildSettings = {
				ALWAYS_EMBED_SWIFT_STANDARD_LIBRARIES = YES;
				CODE_SIGN_STYLE = Automatic;
				CURRENT_PROJECT_VERSION = 1;
				DEVELOPMENT_TEAM = 49FA36GGM4;
				GENERATE_INFOPLIST_FILE = YES;
				MARKETING_VERSION = 1.0;
				PRODUCT_BUNDLE_IDENTIFIER = com.evgeniiR.WeatherAppUITests;
				PRODUCT_NAME = "$(TARGET_NAME)";
				SWIFT_EMIT_LOC_STRINGS = NO;
				SWIFT_VERSION = 5.0;
				TARGETED_DEVICE_FAMILY = "1,2";
				TEST_TARGET_NAME = WeatherApp;
			};
			name = Debug;
		};
		60E7EC2A2A1FA79600C8F53C /* Release */ = {
			isa = XCBuildConfiguration;
			buildSettings = {
				ALWAYS_EMBED_SWIFT_STANDARD_LIBRARIES = YES;
				CODE_SIGN_STYLE = Automatic;
				CURRENT_PROJECT_VERSION = 1;
				DEVELOPMENT_TEAM = 49FA36GGM4;
				GENERATE_INFOPLIST_FILE = YES;
				MARKETING_VERSION = 1.0;
				PRODUCT_BUNDLE_IDENTIFIER = com.evgeniiR.WeatherAppUITests;
				PRODUCT_NAME = "$(TARGET_NAME)";
				SWIFT_EMIT_LOC_STRINGS = NO;
				SWIFT_VERSION = 5.0;
				TARGETED_DEVICE_FAMILY = "1,2";
				TEST_TARGET_NAME = WeatherApp;
			};
			name = Release;
		};
/* End XCBuildConfiguration section */

/* Begin XCConfigurationList section */
		60E7EBF02A1FA79300C8F53C /* Build configuration list for PBXProject "WeatherApp" */ = {
			isa = XCConfigurationList;
			buildConfigurations = (
				60E7EC202A1FA79600C8F53C /* Debug */,
				60E7EC212A1FA79600C8F53C /* Release */,
			);
			defaultConfigurationIsVisible = 0;
			defaultConfigurationName = Release;
		};
		60E7EC222A1FA79600C8F53C /* Build configuration list for PBXNativeTarget "WeatherApp" */ = {
			isa = XCConfigurationList;
			buildConfigurations = (
				60E7EC232A1FA79600C8F53C /* Debug */,
				60E7EC242A1FA79600C8F53C /* Release */,
			);
			defaultConfigurationIsVisible = 0;
			defaultConfigurationName = Release;
		};
		60E7EC252A1FA79600C8F53C /* Build configuration list for PBXNativeTarget "WeatherAppTests" */ = {
			isa = XCConfigurationList;
			buildConfigurations = (
				60E7EC262A1FA79600C8F53C /* Debug */,
				60E7EC272A1FA79600C8F53C /* Release */,
			);
			defaultConfigurationIsVisible = 0;
			defaultConfigurationName = Release;
		};
		60E7EC282A1FA79600C8F53C /* Build configuration list for PBXNativeTarget "WeatherAppUITests" */ = {
			isa = XCConfigurationList;
			buildConfigurations = (
				60E7EC292A1FA79600C8F53C /* Debug */,
				60E7EC2A2A1FA79600C8F53C /* Release */,
			);
			defaultConfigurationIsVisible = 0;
			defaultConfigurationName = Release;
		};
/* End XCConfigurationList section */

/* Begin XCVersionGroup section */
		60E7EC012A1FA79300C8F53C /* CDWeatherModel.xcdatamodeld */ = {
			isa = XCVersionGroup;
			children = (
				60E7EC022A1FA79300C8F53C /* WeatherApp.xcdatamodel */,
			);
			currentVersion = 60E7EC022A1FA79300C8F53C /* WeatherApp.xcdatamodel */;
			path = CDWeatherModel.xcdatamodeld;
			sourceTree = "<group>";
			versionGroupType = wrapper.xcdatamodel;
		};
/* End XCVersionGroup section */
	};
	rootObject = 60E7EBED2A1FA79300C8F53C /* Project object */;
}
